<?xml version="1.0" encoding="UTF-8" standalone="yes" ?>
<CodeBlocks_project_file>
	<FileVersion major="1" minor="6" />
	<Project>
		<Option title="pvrUI2" />
		<Option pch_mode="2" />
		<Option compiler="gcc" />
		<Build>
			<Target title="Debug">
				<Option output="bin/Debug/pvrUI2" prefix_auto="1" extension_auto="1" />
				<Option object_output="obj/Debug/" />
				<Option type="1" />
				<Option compiler="gcc" />
				<Compiler>
					<Add option="-g" />
				</Compiler>
			</Target>
			<Target title="Release">
				<Option output="bin/Release/pvrUI2" prefix_auto="1" extension_auto="1" />
				<Option object_output="obj/Release/" />
				<Option type="1" />
				<Option compiler="gcc" />
				<Compiler>
					<Add option="-O2" />
				</Compiler>
				<Linker>
					<Add option="-s" />
				</Linker>
			</Target>
		</Build>
		<Compiler>
			<Add option="-Wall" />
			<Add directory="/usr/include/imgui" />
		</Compiler>
		<Linker>
			<Add option="-limgui" />
			<Add option="-lstb" />
			<Add option="-lglfw" />
			<Add option="-lglut" />
			<Add option="-lGLEW" />
			<Add option="-lGL" />
		</Linker>
		<Unit filename="editor/editor.cpp" />
		<Unit filename="editor/editor.h" />
		<Unit filename="editor/imgui/imEditor/TextEditor.cpp" />
		<Unit filename="editor/imgui/imgui.cpp" />
		<Unit filename="editor/imgui/imgui.h" />
		<Unit filename="editor/library/launcher.cpp" />
		<Unit filename="editor/library/launcher.h" />
		<Unit filename="editor/library/library.h" />
		<Unit filename="editor/window/glut.cpp" />
		<Unit filename="editor/window/glut.h" />
		<Unit filename="editor/window/layout.cpp" />
		<Unit filename="editor/window/layout.h" />
		<Unit filename="editor/window/widget.cpp" />
		<Unit filename="editor/window/widget.h" />
		<Unit filename="main.cpp" />
		<Extensions />
	</Project>
</CodeBlocks_project_file>
